
Microsoft Visual Studio Solution File, Format Version 12.00
# Visual Studio 15
VisualStudioVersion = 15.0.28010.2050
MinimumVisualStudioVersion = 10.0.40219.1
Project("{FAE04EC0-301F-11D3-BF4B-00C04F79EFBC}") = "WebSite", "WebSite\WebSite.csproj", "{1B4F5D8F-601B-4D19-8379-C1EE7DDF2403}"
EndProject
Global
	GlobalSection(SolutionConfigurationPlatforms) = preSolution
		Debug|Any CPU = Debug|Any CPU
		Release|Any CPU = Release|Any CPU
	EndGlobalSection
	GlobalSection(ProjectConfigurationPlatforms) = postSolution
		{1B4F5D8F-601B-4D19-8379-C1EE7DDF2403}.Debug|Any CPU.ActiveCfg = Debug|Any CPU
		{1B4F5D8F-601B-4D19-8379-C1EE7DDF2403}.Debug|Any CPU.Build.0 = Debug|Any CPU
		{1B4F5D8F-601B-4D19-8379-C1EE7DDF2403}.Release|Any CPU.ActiveCfg = Release|Any CPU
		{1B4F5D8F-601B-4D19-8379-C1EE7DDF2403}.Release|Any CPU.Build.0 = Release|Any CPU
	EndGlobalSection
	GlobalSection(SolutionProperties) = preSolution
		HideSolutionNode = FALSE
	EndGlobalSection
	GlobalSection(ExtensibilityGlobals) = postSolution
		SolutionGuid = {740404E8-A88B-4CB1-B572-F375AD516FCB}
	EndGlobalSection
EndGlobal
